{
  "version": 4,
  "terraform_version": "1.13.3",
  "serial": 3,
  "lineage": "6bee4f10-fe02-7be2-0c2e-f691a60df013",
  "outputs": {},
  "resources": [
    {
      "mode": "data",
      "type": "archive_file",
      "name": "lambda_zip",
      "provider": "provider[\"registry.terraform.io/hashicorp/archive\"]",
      "instances": [
        {
          "schema_version": 0,
          "attributes": {
            "exclude_symlink_directories": null,
            "excludes": null,
            "id": "88d4d787ca318b69c7de428c5b98b6b543e6dfc1",
            "output_base64sha256": "r2YuIr/puCSDwjt9DT58+eeiuVcptE+FM6KZ1f0+SgQ=",
            "output_base64sha512": "Ua5IE6GpNX0RSuiHIIk+CRPsv1jBCVsbXNpEJTGYQuX0B2t1ZKlVn58g8cOGyHX8+rekIz5AWAbBRO9HTU5PuA==",
            "output_file_mode": null,
            "output_md5": "e37d8194350ec9e41a6351dd6d11c237",
            "output_path": "./build/lambda.zip",
            "output_sha": "88d4d787ca318b69c7de428c5b98b6b543e6dfc1",
            "output_sha256": "af662e22bfe9b82483c23b7d0d3e7cf9e7a2b95729b44f8533a299d5fd3e4a04",
            "output_sha512": "51ae4813a1a9357d114ae88720893e0913ecbf58c1095b1b5cda4425319842e5f4076b7564a9559f9f20f1c386c875fcfab7a4233e405806c144ef474d4e4fb8",
            "output_size": 2446490,
            "source": [],
            "source_content": null,
            "source_content_filename": null,
            "source_dir": "./src",
            "source_file": null,
            "type": "zip"
          },
          "sensitive_attributes": [],
          "identity_schema_version": 0
        }
      ]
    },
    {
      "mode": "managed",
      "type": "aws_sqs_queue",
      "name": "lambda_queue",
      "provider": "provider[\"registry.terraform.io/hashicorp/aws\"]",
      "instances": [
        {
          "schema_version": 0,
          "attributes": {
            "arn": "arn:aws:sqs:eu-north-1:593793064528:lambda-queue",
            "content_based_deduplication": false,
            "deduplication_scope": "",
            "delay_seconds": 0,
            "fifo_queue": false,
            "fifo_throughput_limit": "",
            "id": "https://sqs.eu-north-1.amazonaws.com/593793064528/lambda-queue",
            "kms_data_key_reuse_period_seconds": 300,
            "kms_master_key_id": "",
            "max_message_size": 262144,
            "message_retention_seconds": 345600,
            "name": "lambda-queue",
            "name_prefix": "",
            "policy": "",
            "receive_wait_time_seconds": 0,
            "redrive_allow_policy": "",
            "redrive_policy": "",
            "region": "eu-north-1",
            "sqs_managed_sse_enabled": true,
            "tags": null,
            "tags_all": {},
            "timeouts": null,
            "url": "https://sqs.eu-north-1.amazonaws.com/593793064528/lambda-queue",
            "visibility_timeout_seconds": 30
          },
          "sensitive_attributes": [],
          "identity_schema_version": 0,
          "identity": {
            "account_id": "593793064528",
            "region": "eu-north-1",
            "url": "https://sqs.eu-north-1.amazonaws.com/593793064528/lambda-queue"
          },
          "private": "eyJlMmJmYjczMC1lY2FhLTExZTYtOGY4OC0zNDM2M2JjN2M0YzAiOnsiY3JlYXRlIjoxODAwMDAwMDAwMDAsImRlbGV0ZSI6MTgwMDAwMDAwMDAwLCJ1cGRhdGUiOjE4MDAwMDAwMDAwMH19"
        }
      ]
    }
  ],
  "check_results": null
}
